Microsoft Visual Studio Solution File, Format Version 12.00
# Visual Studio Version 17
VisualStudioVersion = 17.5.2.0
MinimumVisualStudioVersion = 10.0.40219.1
Project("{2150E333-8FDC-42A3-9474-1A3956D46DE8}") = "src", "src", "{827E0CD3-B72D-47B6-A68D-7590B98EB39B}"
EndProject
Project("{FAE04EC0-301F-11D3-BF4B-00C04F79EFBC}") = "Kotoban.Core", "src\Kotoban.Core\Kotoban.Core.csproj", "{764E683E-69CF-88E1-D7A8-9C760F2D46EC}"
EndProject
Project("{FAE04EC0-301F-11D3-BF4B-00C04F79EFBC}") = "Kotoban.DataManager", "src\Kotoban.DataManager\Kotoban.DataManager.csproj", "{2EF5D2C9-8858-43B6-0988-8DC5873FC974}"
EndProject
Global
	GlobalSection(SolutionConfigurationPlatforms) = preSolution
		Debug|Any CPU = Debug|Any CPU
		Release|Any CPU = Release|Any CPU
	EndGlobalSection
	GlobalSection(ProjectConfigurationPlatforms) = postSolution
		{764E683E-69CF-88E1-D7A8-9C760F2D46EC}.Debug|Any CPU.ActiveCfg = Debug|Any CPU
		{764E683E-69CF-88E1-D7A8-9C760F2D46EC}.Debug|Any CPU.Build.0 = Debug|Any CPU
		{764E683E-69CF-88E1-D7A8-9C760F2D46EC}.Release|Any CPU.ActiveCfg = Release|Any CPU
		{764E683E-69CF-88E1-D7A8-9C760F2D46EC}.Release|Any CPU.Build.0 = Release|Any CPU
		{2EF5D2C9-8858-43B6-0988-8DC5873FC974}.Debug|Any CPU.ActiveCfg = Debug|Any CPU
		{2EF5D2C9-8858-43B6-0988-8DC5873FC974}.Debug|Any CPU.Build.0 = Debug|Any CPU
		{2EF5D2C9-8858-43B6-0988-8DC5873FC974}.Release|Any CPU.ActiveCfg = Release|Any CPU
		{2EF5D2C9-8858-43B6-0988-8DC5873FC974}.Release|Any CPU.Build.0 = Release|Any CPU
	EndGlobalSection
	GlobalSection(SolutionProperties) = preSolution
		HideSolutionNode = FALSE
	EndGlobalSection
	GlobalSection(NestedProjects) = preSolution
		{764E683E-69CF-88E1-D7A8-9C760F2D46EC} = {827E0CD3-B72D-47B6-A68D-7590B98EB39B}
		{2EF5D2C9-8858-43B6-0988-8DC5873FC974} = {827E0CD3-B72D-47B6-A68D-7590B98EB39B}
	EndGlobalSection
	GlobalSection(ExtensibilityGlobals) = postSolution
		SolutionGuid = {6045BE30-6BD1-454C-B069-968114A09E8A}
	EndGlobalSection
EndGlobal
